
Microsoft Visual Studio Solution File, Format Version 12.00
# Visual Studio 15
VisualStudioVersion = 15.0.28307.489
MinimumVisualStudioVersion = 10.0.40219.1
Project("{FAE04EC0-301F-11D3-BF4B-00C04F79EFBC}") = "tct_Magazina", "tct_Magazina\tct_Magazina.csproj", "{2713B6A2-4E51-4A70-A1AC-4E145697989D}"
EndProject
Global
	GlobalSection(SolutionConfigurationPlatforms) = preSolution
		Debug|Any CPU = Debug|Any CPU
		Release|Any CPU = Release|Any CPU
	EndGlobalSection
	GlobalSection(ProjectConfigurationPlatforms) = postSolution
		{2713B6A2-4E51-4A70-A1AC-4E145697989D}.Debug|Any CPU.ActiveCfg = Debug|Any CPU
		{2713B6A2-4E51-4A70-A1AC-4E145697989D}.Debug|Any CPU.Build.0 = Debug|Any CPU
		{2713B6A2-4E51-4A70-A1AC-4E145697989D}.Release|Any CPU.ActiveCfg = Release|Any CPU
		{2713B6A2-4E51-4A70-A1AC-4E145697989D}.Release|Any CPU.Build.0 = Release|Any CPU
	EndGlobalSection
	GlobalSection(SolutionProperties) = preSolution
		HideSolutionNode = FALSE
	EndGlobalSection
	GlobalSection(ExtensibilityGlobals) = postSolution
		SolutionGuid = {B54DD31C-0136-4551-8E38-4DBF7EF31331}
	EndGlobalSection
EndGlobal
